
Microsoft Visual Studio Solution File, Format Version 12.00
# Visual Studio 15
VisualStudioVersion = 15.0.28307.329
MinimumVisualStudioVersion = 10.0.40219.1
Project("{FAE04EC0-301F-11D3-BF4B-00C04F79EFBC}") = "OnlineChat", "OnlineChat\OnlineChat.csproj", "{7CAA6DF0-C695-40F7-9606-05090126313C}"
EndProject
Project("{FAE04EC0-301F-11D3-BF4B-00C04F79EFBC}") = "BD", "BD\BD.csproj", "{058208E2-CF0B-4619-A378-1DBA75BAC88A}"
EndProject
Project("{FAE04EC0-301F-11D3-BF4B-00C04F79EFBC}") = "Logic", "Logic\Logic.csproj", "{C9E54A76-70EE-48D1-8E8E-4C22AA6E18F2}"
EndProject
Global
	GlobalSection(SolutionConfigurationPlatforms) = preSolution
		Debug|Any CPU = Debug|Any CPU
		Release|Any CPU = Release|Any CPU
	EndGlobalSection
	GlobalSection(ProjectConfigurationPlatforms) = postSolution
		{7CAA6DF0-C695-40F7-9606-05090126313C}.Debug|Any CPU.ActiveCfg = Debug|Any CPU
		{7CAA6DF0-C695-40F7-9606-05090126313C}.Debug|Any CPU.Build.0 = Debug|Any CPU
		{7CAA6DF0-C695-40F7-9606-05090126313C}.Release|Any CPU.ActiveCfg = Release|Any CPU
		{7CAA6DF0-C695-40F7-9606-05090126313C}.Release|Any CPU.Build.0 = Release|Any CPU
		{058208E2-CF0B-4619-A378-1DBA75BAC88A}.Debug|Any CPU.ActiveCfg = Debug|Any CPU
		{058208E2-CF0B-4619-A378-1DBA75BAC88A}.Debug|Any CPU.Build.0 = Debug|Any CPU
		{058208E2-CF0B-4619-A378-1DBA75BAC88A}.Release|Any CPU.ActiveCfg = Release|Any CPU
		{058208E2-CF0B-4619-A378-1DBA75BAC88A}.Release|Any CPU.Build.0 = Release|Any CPU
		{C9E54A76-70EE-48D1-8E8E-4C22AA6E18F2}.Debug|Any CPU.ActiveCfg = Debug|Any CPU
		{C9E54A76-70EE-48D1-8E8E-4C22AA6E18F2}.Debug|Any CPU.Build.0 = Debug|Any CPU
		{C9E54A76-70EE-48D1-8E8E-4C22AA6E18F2}.Release|Any CPU.ActiveCfg = Release|Any CPU
		{C9E54A76-70EE-48D1-8E8E-4C22AA6E18F2}.Release|Any CPU.Build.0 = Release|Any CPU
	EndGlobalSection
	GlobalSection(SolutionProperties) = preSolution
		HideSolutionNode = FALSE
	EndGlobalSection
	GlobalSection(ExtensibilityGlobals) = postSolution
		SolutionGuid = {8F80A296-0681-4D7C-87D3-D374065652A6}
	EndGlobalSection
EndGlobal
